
Microsoft Visual Studio Solution File, Format Version 12.00
# Visual Studio 15
VisualStudioVersion = 15.0.26228.9
MinimumVisualStudioVersion = 10.0.40219.1
Project("{FAE04EC0-301F-11D3-BF4B-00C04F79EFBC}") = "160245", "160245\160245.csproj", "{AEDB9908-DD27-488B-A199-7A47AA749B57}"
EndProject
Global
	GlobalSection(SolutionConfigurationPlatforms) = preSolution
		Debug|Any CPU = Debug|Any CPU
		Release|Any CPU = Release|Any CPU
	EndGlobalSection
	GlobalSection(ProjectConfigurationPlatforms) = postSolution
		{AEDB9908-DD27-488B-A199-7A47AA749B57}.Debug|Any CPU.ActiveCfg = Debug|Any CPU
		{AEDB9908-DD27-488B-A199-7A47AA749B57}.Debug|Any CPU.Build.0 = Debug|Any CPU
		{AEDB9908-DD27-488B-A199-7A47AA749B57}.Release|Any CPU.ActiveCfg = Release|Any CPU
		{AEDB9908-DD27-488B-A199-7A47AA749B57}.Release|Any CPU.Build.0 = Release|Any CPU
	EndGlobalSection
	GlobalSection(SolutionProperties) = preSolution
		HideSolutionNode = FALSE
	EndGlobalSection
EndGlobal
